
Microsoft Visual Studio Solution File, Format Version 12.00
# Visual Studio Version 16
VisualStudioVersion = 16.0.29709.97
MinimumVisualStudioVersion = 10.0.40219.1
Project("{FAE04EC0-301F-11D3-BF4B-00C04F79EFBC}") = "AutofacClasses", "AutofacClasses\AutofacClasses.csproj", "{933462C6-70B2-4297-A96E-6AFFA4BAA9FF}"
EndProject
Project("{FAE04EC0-301F-11D3-BF4B-00C04F79EFBC}") = "AutofacClasses.Unit.Tests", "AutofacClasses.Unit.Tests\AutofacClasses.Unit.Tests.csproj", "{B3629D2E-80F3-451A-A2E7-79BF887F4449}"
EndProject
Project("{FAE04EC0-301F-11D3-BF4B-00C04F79EFBC}") = "AutofacClasses.Integration.Tests", "AutofacClasses.Integration.Tests\AutofacClasses.Integration.Tests.csproj", "{6B826DEA-3F4D-41BD-9609-55A39AB36902}"
EndProject
Global
	GlobalSection(SolutionConfigurationPlatforms) = preSolution
		Debug|Any CPU = Debug|Any CPU
		Release|Any CPU = Release|Any CPU
	EndGlobalSection
	GlobalSection(ProjectConfigurationPlatforms) = postSolution
		{933462C6-70B2-4297-A96E-6AFFA4BAA9FF}.Debug|Any CPU.ActiveCfg = Debug|Any CPU
		{933462C6-70B2-4297-A96E-6AFFA4BAA9FF}.Debug|Any CPU.Build.0 = Debug|Any CPU
		{933462C6-70B2-4297-A96E-6AFFA4BAA9FF}.Release|Any CPU.ActiveCfg = Release|Any CPU
		{933462C6-70B2-4297-A96E-6AFFA4BAA9FF}.Release|Any CPU.Build.0 = Release|Any CPU
		{B3629D2E-80F3-451A-A2E7-79BF887F4449}.Debug|Any CPU.ActiveCfg = Debug|Any CPU
		{B3629D2E-80F3-451A-A2E7-79BF887F4449}.Debug|Any CPU.Build.0 = Debug|Any CPU
		{B3629D2E-80F3-451A-A2E7-79BF887F4449}.Release|Any CPU.ActiveCfg = Release|Any CPU
		{B3629D2E-80F3-451A-A2E7-79BF887F4449}.Release|Any CPU.Build.0 = Release|Any CPU
		{6B826DEA-3F4D-41BD-9609-55A39AB36902}.Debug|Any CPU.ActiveCfg = Debug|Any CPU
		{6B826DEA-3F4D-41BD-9609-55A39AB36902}.Debug|Any CPU.Build.0 = Debug|Any CPU
		{6B826DEA-3F4D-41BD-9609-55A39AB36902}.Release|Any CPU.ActiveCfg = Release|Any CPU
		{6B826DEA-3F4D-41BD-9609-55A39AB36902}.Release|Any CPU.Build.0 = Release|Any CPU
	EndGlobalSection
	GlobalSection(SolutionProperties) = preSolution
		HideSolutionNode = FALSE
	EndGlobalSection
	GlobalSection(ExtensibilityGlobals) = postSolution
		SolutionGuid = {4A018D0C-5D83-4075-9E56-8B7B323843D9}
	EndGlobalSection
EndGlobal
